
Microsoft Visual Studio Solution File, Format Version 12.00
# Visual Studio 15
VisualStudioVersion = 15.0.28010.2003
MinimumVisualStudioVersion = 10.0.40219.1
Project("{FAE04EC0-301F-11D3-BF4B-00C04F79EFBC}") = "ConsoleApp2", "ConsoleApp2\ConsoleApp2.csproj", "{B1664824-0764-4A1D-AE87-6A748E8227EF}"
EndProject
Global
	GlobalSection(SolutionConfigurationPlatforms) = preSolution
		Debug|Any CPU = Debug|Any CPU
		Release|Any CPU = Release|Any CPU
	EndGlobalSection
	GlobalSection(ProjectConfigurationPlatforms) = postSolution
		{B1664824-0764-4A1D-AE87-6A748E8227EF}.Debug|Any CPU.ActiveCfg = Debug|Any CPU
		{B1664824-0764-4A1D-AE87-6A748E8227EF}.Debug|Any CPU.Build.0 = Debug|Any CPU
		{B1664824-0764-4A1D-AE87-6A748E8227EF}.Release|Any CPU.ActiveCfg = Release|Any CPU
		{B1664824-0764-4A1D-AE87-6A748E8227EF}.Release|Any CPU.Build.0 = Release|Any CPU
	EndGlobalSection
	GlobalSection(SolutionProperties) = preSolution
		HideSolutionNode = FALSE
	EndGlobalSection
	GlobalSection(ExtensibilityGlobals) = postSolution
		SolutionGuid = {46C72071-30FF-4A2F-AC6C-AB18297E3894}
	EndGlobalSection
EndGlobal
